{
  "name": "lightwindcss",
  "version": "1.0.0",
  "lockfileVersion": 1,
  "requires": true,
  "dependencies": {
    "@types/md5": {
      "version": "2.2.1",
      "resolved": "https://registry.npmjs.org/@types/md5/-/md5-2.2.1.tgz",
      "integrity": "sha512-bZB0jqBL7JETFqvRKyuDETFceFaVcLm2MBPP5LFEEL/SZuqLnyvzF37tXmMERDncC3oeEj/fOUw88ftJeMpZaw==",
      "dev": true,
      "requires": {
        "@types/node": "*"
      }
    },
    "@types/node": {
      "version": "14.14.22",
      "resolved": "https://registry.npmjs.org/@types/node/-/node-14.14.22.tgz",
      "integrity": "sha512-g+f/qj/cNcqKkc3tFqlXOYjrmZA+jNBiDzbP3kH+B+otKFqAdPgVTGP1IeKRdMml/aE69as5S4FqtxAbl+LaMw==",
      "dev": true
    },
    "@types/prop-types": {
      "version": "15.7.3",
      "resolved": "https://registry.npmjs.org/@types/prop-types/-/prop-types-15.7.3.tgz",
      "integrity": "sha512-KfRL3PuHmqQLOG+2tGpRO26Ctg+Cq1E01D2DMriKEATHgWLfeNDmq9e29Q9WIky0dQ3NPkd1mzYH8Lm936Z9qw==",
      "dev": true
    },
    "@types/react": {
      "version": "17.0.0",
      "resolved": "https://registry.npmjs.org/@types/react/-/react-17.0.0.tgz",
      "integrity": "sha512-aj/L7RIMsRlWML3YB6KZiXB3fV2t41+5RBGYF8z+tAKU43Px8C3cYUZsDvf1/+Bm4FK21QWBrDutu8ZJ/70qOw==",
      "dev": true,
      "requires": {
        "@types/prop-types": "*",
        "csstype": "^3.0.2"
      }
    },
    "@types/stylis": {
      "version": "4.0.0",
      "resolved": "https://registry.npmjs.org/@types/stylis/-/stylis-4.0.0.tgz",
      "integrity": "sha512-DB1wPXVDfTTyLO9tr4wTeAptinTGd+EemFDDJTdCfsLedYXuF1mRWpJtU74Rucqx7N7HecBmMwEERbPpLt1tGA==",
      "dev": true
    },
    "charenc": {
      "version": "0.0.2",
      "resolved": "https://registry.npmjs.org/charenc/-/charenc-0.0.2.tgz",
      "integrity": "sha1-wKHS86cJLgN3S/qD8UwPxXkKhmc="
    },
    "crypt": {
      "version": "0.0.2",
      "resolved": "https://registry.npmjs.org/crypt/-/crypt-0.0.2.tgz",
      "integrity": "sha1-iNf/fsDfuG9xPch7u0LQRNPmxBs="
    },
    "csstype": {
      "version": "3.0.6",
      "resolved": "https://registry.npmjs.org/csstype/-/csstype-3.0.6.tgz",
      "integrity": "sha512-+ZAmfyWMT7TiIlzdqJgjMb7S4f1beorDbWbsocyK4RaiqA5RTX3K14bnBWmmA9QEM0gRdsjyyrEmcyga8Zsxmw==",
      "dev": true
    },
    "is-buffer": {
      "version": "1.1.6",
      "resolved": "https://registry.npmjs.org/is-buffer/-/is-buffer-1.1.6.tgz",
      "integrity": "sha512-NcdALwpXkTm5Zvvbk7owOUSvVvBKDgKP5/ewfXEznmQFfs4ZRmanOeKBTjRVjka3QFoN6XJ+9F3USqfHqTaU5w=="
    },
    "md5": {
      "version": "2.3.0",
      "resolved": "https://registry.npmjs.org/md5/-/md5-2.3.0.tgz",
      "integrity": "sha512-T1GITYmFaKuO91vxyoQMFETst+O71VUPEU3ze5GNzDm0OWdP8v1ziTaAEPUr/3kLsY3Sftgz242A1SetQiDL7g==",
      "requires": {
        "charenc": "0.0.2",
        "crypt": "0.0.2",
        "is-buffer": "~1.1.6"
      }
    },
    "prettier": {
      "version": "2.2.1",
      "resolved": "https://registry.npmjs.org/prettier/-/prettier-2.2.1.tgz",
      "integrity": "sha512-PqyhM2yCjg/oKkFPtTGUojv7gnZAoG80ttl45O6x2Ug/rMJw4wcc9k6aaf2hibP7BGVCCM33gZoGjyvt9mm16Q==",
      "dev": true
    },
    "stylis": {
      "version": "4.0.6",
      "resolved": "https://registry.npmjs.org/stylis/-/stylis-4.0.6.tgz",
      "integrity": "sha512-1igcUEmYFBEO14uQHAJhCUelTR5jPztfdVKrYxRnDa5D5Dn3w0NxXupJNPr/VV/yRfZYEAco8sTIRZzH3sRYKg=="
    },
    "typescript": {
      "version": "4.2.0-beta",
      "resolved": "https://registry.npmjs.org/typescript/-/typescript-4.2.0-beta.tgz",
      "integrity": "sha512-0nYjpkQ6bKjHoJTQkUHcDtGLNenqc5rfTcl3ISUnJXPkGa0115FcVJABmodfMKHLyDBmzDr8IGLbDv5m7sbYgw==",
      "dev": true
    }
  }
}
